
Microsoft Visual Studio Solution File, Format Version 12.00
# Visual Studio Version 17
VisualStudioVersion = 17.10.35013.160
MinimumVisualStudioVersion = 10.0.40219.1
Project("{8BC9CEB8-8B4A-11D0-8D11-00A0C91BC942}") = "Project1", "Project1\Project1.vcxproj", "{D1D0C47A-1834-430D-9A36-C7F26E986690}"
EndProject
Global
	GlobalSection(SolutionConfigurationPlatforms) = preSolution
		Debug|x64 = Debug|x64
		Debug|x86 = Debug|x86
		Release|x64 = Release|x64
		Release|x86 = Release|x86
	EndGlobalSection
	GlobalSection(ProjectConfigurationPlatforms) = postSolution
		{D1D0C47A-1834-430D-9A36-C7F26E986690}.Debug|x64.ActiveCfg = Debug|x64
		{D1D0C47A-1834-430D-9A36-C7F26E986690}.Debug|x64.Build.0 = Debug|x64
		{D1D0C47A-1834-430D-9A36-C7F26E986690}.Debug|x86.ActiveCfg = Debug|Win32
		{D1D0C47A-1834-430D-9A36-C7F26E986690}.Debug|x86.Build.0 = Debug|Win32
		{D1D0C47A-1834-430D-9A36-C7F26E986690}.Release|x64.ActiveCfg = Release|x64
		{D1D0C47A-1834-430D-9A36-C7F26E986690}.Release|x64.Build.0 = Release|x64
		{D1D0C47A-1834-430D-9A36-C7F26E986690}.Release|x86.ActiveCfg = Release|Win32
		{D1D0C47A-1834-430D-9A36-C7F26E986690}.Release|x86.Build.0 = Release|Win32
	EndGlobalSection
	GlobalSection(SolutionProperties) = preSolution
		HideSolutionNode = FALSE
	EndGlobalSection
	GlobalSection(ExtensibilityGlobals) = postSolution
		SolutionGuid = {17EF142E-5AD3-4126-AA7D-AE965749EFF6}
	EndGlobalSection
EndGlobal
